
Microsoft Visual Studio Solution File, Format Version 12.00
# Visual Studio Version 17
VisualStudioVersion = 17.7.34031.279
MinimumVisualStudioVersion = 10.0.40219.1
Project("{FAE04EC0-301F-11D3-BF4B-00C04F79EFBC}") = "L1_2", "Labsheet1\L1_2.csproj", "{0F6AB3E0-157B-49F4-A401-FE9DA930DF94}"
EndProject
Global
	GlobalSection(SolutionConfigurationPlatforms) = preSolution
		Debug|Any CPU = Debug|Any CPU
		Release|Any CPU = Release|Any CPU
	EndGlobalSection
	GlobalSection(ProjectConfigurationPlatforms) = postSolution
		{0F6AB3E0-157B-49F4-A401-FE9DA930DF94}.Debug|Any CPU.ActiveCfg = Debug|Any CPU
		{0F6AB3E0-157B-49F4-A401-FE9DA930DF94}.Debug|Any CPU.Build.0 = Debug|Any CPU
		{0F6AB3E0-157B-49F4-A401-FE9DA930DF94}.Release|Any CPU.ActiveCfg = Release|Any CPU
		{0F6AB3E0-157B-49F4-A401-FE9DA930DF94}.Release|Any CPU.Build.0 = Release|Any CPU
	EndGlobalSection
	GlobalSection(SolutionProperties) = preSolution
		HideSolutionNode = FALSE
	EndGlobalSection
	GlobalSection(ExtensibilityGlobals) = postSolution
		SolutionGuid = {0C15D218-DAD8-4AD6-9FE5-1011E7B7F1B9}
	EndGlobalSection
EndGlobal
