
Microsoft Visual Studio Solution File, Format Version 12.00
# Visual Studio Version 17
VisualStudioVersion = 17.7.34031.279
MinimumVisualStudioVersion = 10.0.40219.1
Project("{FAE04EC0-301F-11D3-BF4B-00C04F79EFBC}") = "Question1", "Question1\Question1.csproj", "{088E45A5-4139-4922-AF6B-E4C8BE34DA64}"
EndProject
Project("{FAE04EC0-301F-11D3-BF4B-00C04F79EFBC}") = "Question2", "Question2\Question2.csproj", "{CC6DA408-7FC3-4395-8CFE-FACF76A4ADAE}"
EndProject
Project("{FAE04EC0-301F-11D3-BF4B-00C04F79EFBC}") = "Question3", "Question3\Question3.csproj", "{4D74015A-6247-4FEF-AB48-99F00FC08F0C}"
EndProject
Global
	GlobalSection(SolutionConfigurationPlatforms) = preSolution
		Debug|Any CPU = Debug|Any CPU
		Release|Any CPU = Release|Any CPU
	EndGlobalSection
	GlobalSection(ProjectConfigurationPlatforms) = postSolution
		{088E45A5-4139-4922-AF6B-E4C8BE34DA64}.Debug|Any CPU.ActiveCfg = Debug|Any CPU
		{088E45A5-4139-4922-AF6B-E4C8BE34DA64}.Debug|Any CPU.Build.0 = Debug|Any CPU
		{088E45A5-4139-4922-AF6B-E4C8BE34DA64}.Release|Any CPU.ActiveCfg = Release|Any CPU
		{088E45A5-4139-4922-AF6B-E4C8BE34DA64}.Release|Any CPU.Build.0 = Release|Any CPU
		{CC6DA408-7FC3-4395-8CFE-FACF76A4ADAE}.Debug|Any CPU.ActiveCfg = Debug|Any CPU
		{CC6DA408-7FC3-4395-8CFE-FACF76A4ADAE}.Debug|Any CPU.Build.0 = Debug|Any CPU
		{CC6DA408-7FC3-4395-8CFE-FACF76A4ADAE}.Release|Any CPU.ActiveCfg = Release|Any CPU
		{CC6DA408-7FC3-4395-8CFE-FACF76A4ADAE}.Release|Any CPU.Build.0 = Release|Any CPU
		{4D74015A-6247-4FEF-AB48-99F00FC08F0C}.Debug|Any CPU.ActiveCfg = Debug|Any CPU
		{4D74015A-6247-4FEF-AB48-99F00FC08F0C}.Debug|Any CPU.Build.0 = Debug|Any CPU
		{4D74015A-6247-4FEF-AB48-99F00FC08F0C}.Release|Any CPU.ActiveCfg = Release|Any CPU
		{4D74015A-6247-4FEF-AB48-99F00FC08F0C}.Release|Any CPU.Build.0 = Release|Any CPU
	EndGlobalSection
	GlobalSection(SolutionProperties) = preSolution
		HideSolutionNode = FALSE
	EndGlobalSection
	GlobalSection(ExtensibilityGlobals) = postSolution
		SolutionGuid = {773CBA47-AB95-49B5-BA34-FF039CF9EA21}
	EndGlobalSection
EndGlobal
